
Microsoft Visual Studio Solution File, Format Version 12.00
# Visual Studio Version 17
VisualStudioVersion = 17.9.34728.123
MinimumVisualStudioVersion = 10.0.40219.1
Project("{8BC9CEB8-8B4A-11D0-8D11-00A0C91BC942}") = "PG3", "PG3.vcxproj", "{A987C082-3247-46EF-B070-C5C17B1D5369}"
EndProject
Project("{2150E333-8FDC-42A3-9474-1A3956D46DE8}") = "ソリューション項目", "ソリューション項目", "{660CB740-909A-49F3-81EC-63DF1CEB379C}"
	ProjectSection(SolutionItems) = preProject
		.editorconfig = .editorconfig
	EndProjectSection
EndProject
Global
	GlobalSection(SolutionConfigurationPlatforms) = preSolution
		Debug|x64 = Debug|x64
		Release|x64 = Release|x64
	EndGlobalSection
	GlobalSection(ProjectConfigurationPlatforms) = postSolution
		{A987C082-3247-46EF-B070-C5C17B1D5369}.Debug|x64.ActiveCfg = Debug|x64
		{A987C082-3247-46EF-B070-C5C17B1D5369}.Debug|x64.Build.0 = Debug|x64
		{A987C082-3247-46EF-B070-C5C17B1D5369}.Release|x64.ActiveCfg = Release|x64
		{A987C082-3247-46EF-B070-C5C17B1D5369}.Release|x64.Build.0 = Release|x64
	EndGlobalSection
	GlobalSection(SolutionProperties) = preSolution
		HideSolutionNode = FALSE
	EndGlobalSection
	GlobalSection(ExtensibilityGlobals) = postSolution
		SolutionGuid = {2D2756C1-8F5E-46B7-AA20-D9C09FE2CB14}
	EndGlobalSection
EndGlobal
